
Microsoft Visual Studio Solution File, Format Version 12.00
# Visual Studio 15
VisualStudioVersion = 15.0.26730.12
MinimumVisualStudioVersion = 10.0.40219.1
Project("{FAE04EC0-301F-11D3-BF4B-00C04F79EFBC}") = "EmployeeWebService", "EmployeeWebService\EmployeeWebService.csproj", "{13FD512B-A223-4D5F-BDE6-7F5C93ADCD61}"
EndProject
Project("{FAE04EC0-301F-11D3-BF4B-00C04F79EFBC}") = "EmployeeWebServiceClient", "EmployeeWebServiceClient\EmployeeWebServiceClient.csproj", "{873A8295-7F6E-4689-A074-B827DF334C89}"
	ProjectSection(ProjectDependencies) = postProject
		{13FD512B-A223-4D5F-BDE6-7F5C93ADCD61} = {13FD512B-A223-4D5F-BDE6-7F5C93ADCD61}
	EndProjectSection
EndProject
Global
	GlobalSection(SolutionConfigurationPlatforms) = preSolution
		Debug|Any CPU = Debug|Any CPU
		Release|Any CPU = Release|Any CPU
	EndGlobalSection
	GlobalSection(ProjectConfigurationPlatforms) = postSolution
		{13FD512B-A223-4D5F-BDE6-7F5C93ADCD61}.Debug|Any CPU.ActiveCfg = Debug|Any CPU
		{13FD512B-A223-4D5F-BDE6-7F5C93ADCD61}.Debug|Any CPU.Build.0 = Debug|Any CPU
		{13FD512B-A223-4D5F-BDE6-7F5C93ADCD61}.Release|Any CPU.ActiveCfg = Release|Any CPU
		{13FD512B-A223-4D5F-BDE6-7F5C93ADCD61}.Release|Any CPU.Build.0 = Release|Any CPU
		{873A8295-7F6E-4689-A074-B827DF334C89}.Debug|Any CPU.ActiveCfg = Debug|Any CPU
		{873A8295-7F6E-4689-A074-B827DF334C89}.Debug|Any CPU.Build.0 = Debug|Any CPU
		{873A8295-7F6E-4689-A074-B827DF334C89}.Release|Any CPU.ActiveCfg = Release|Any CPU
		{873A8295-7F6E-4689-A074-B827DF334C89}.Release|Any CPU.Build.0 = Release|Any CPU
	EndGlobalSection
	GlobalSection(SolutionProperties) = preSolution
		HideSolutionNode = FALSE
	EndGlobalSection
	GlobalSection(ExtensibilityGlobals) = postSolution
		SolutionGuid = {7BFEF448-B220-421A-92AF-DC870F201C34}
	EndGlobalSection
EndGlobal
