
Microsoft Visual Studio Solution File, Format Version 10.00
# Visual Studio 2008
Project("{FAE04EC0-301F-11D3-BF4B-00C04F79EFBC}") = "WindowsApplication17", "WindowsApplication17.csproj", "{029BABC5-91D2-4766-BC28-866ACDD8345A}"
EndProject
Global
	GlobalSection(SolutionConfigurationPlatforms) = preSolution
		Debug|Any CPU = Debug|Any CPU
		Release|Any CPU = Release|Any CPU
	EndGlobalSection
	GlobalSection(ProjectConfigurationPlatforms) = postSolution
		{029BABC5-91D2-4766-BC28-866ACDD8345A}.Debug|Any CPU.ActiveCfg = Debug|Any CPU
		{029BABC5-91D2-4766-BC28-866ACDD8345A}.Debug|Any CPU.Build.0 = Debug|Any CPU
		{029BABC5-91D2-4766-BC28-866ACDD8345A}.Release|Any CPU.ActiveCfg = Release|Any CPU
		{029BABC5-91D2-4766-BC28-866ACDD8345A}.Release|Any CPU.Build.0 = Release|Any CPU
	EndGlobalSection
	GlobalSection(SolutionProperties) = preSolution
		HideSolutionNode = FALSE
	EndGlobalSection
EndGlobal
