
Microsoft Visual Studio Solution File, Format Version 10.00
# Visual Studio 2008
Project("{FAE04EC0-301F-11D3-BF4B-00C04F79EFBC}") = "WindowsApplication25", "WindowsApplication25.csproj", "{2D0832B3-A41D-478B-85B7-2F4D775E2A69}"
EndProject
Global
	GlobalSection(SolutionConfigurationPlatforms) = preSolution
		Debug|Any CPU = Debug|Any CPU
		Release|Any CPU = Release|Any CPU
	EndGlobalSection
	GlobalSection(ProjectConfigurationPlatforms) = postSolution
		{2D0832B3-A41D-478B-85B7-2F4D775E2A69}.Debug|Any CPU.ActiveCfg = Debug|Any CPU
		{2D0832B3-A41D-478B-85B7-2F4D775E2A69}.Debug|Any CPU.Build.0 = Debug|Any CPU
		{2D0832B3-A41D-478B-85B7-2F4D775E2A69}.Release|Any CPU.ActiveCfg = Release|Any CPU
		{2D0832B3-A41D-478B-85B7-2F4D775E2A69}.Release|Any CPU.Build.0 = Release|Any CPU
	EndGlobalSection
	GlobalSection(SolutionProperties) = preSolution
		HideSolutionNode = FALSE
	EndGlobalSection
EndGlobal
