
Microsoft Visual Studio Solution File, Format Version 10.00
# Visual Studio 2008
Project("{FAE04EC0-301F-11D3-BF4B-00C04F79EFBC}") = "ClassLibrary3", "ClassLibrary3.csproj", "{E178052F-A612-4438-9B24-D7A084B8D153}"
EndProject
Project("{FAE04EC0-301F-11D3-BF4B-00C04F79EFBC}") = "WindowsApplication66", "..\WindowsApplication66\WindowsApplication66.csproj", "{B092B85E-AC1E-4105-9FAF-3E832A6962ED}"
EndProject
Project("{E24C65DC-7377-472B-9ABA-BC803B73C61A}") = "WebSite13", "..\WebSite13\", "{4377744C-040B-46F6-B055-45A81AFBBE6B}"
	ProjectSection(WebsiteProperties) = preProject
		TargetFramework = "3.5"
		ProjectReferences = "{E178052F-A612-4438-9B24-D7A084B8D153}|CustomReaderWriter.dll;"
		Debug.AspNetCompiler.VirtualPath = "/WebSite13"
		Debug.AspNetCompiler.PhysicalPath = "..\WebSite13\"
		Debug.AspNetCompiler.TargetPath = "PrecompiledWeb\WebSite13\"
		Debug.AspNetCompiler.Updateable = "true"
		Debug.AspNetCompiler.ForceOverwrite = "true"
		Debug.AspNetCompiler.FixedNames = "false"
		Debug.AspNetCompiler.Debug = "True"
		Release.AspNetCompiler.VirtualPath = "/WebSite13"
		Release.AspNetCompiler.PhysicalPath = "..\WebSite13\"
		Release.AspNetCompiler.TargetPath = "PrecompiledWeb\WebSite13\"
		Release.AspNetCompiler.Updateable = "true"
		Release.AspNetCompiler.ForceOverwrite = "true"
		Release.AspNetCompiler.FixedNames = "false"
		Release.AspNetCompiler.Debug = "False"
		VWDPort = "2357"
		DefaultWebSiteLanguage = "Visual C#"
	EndProjectSection
EndProject
Global
	GlobalSection(SolutionConfigurationPlatforms) = preSolution
		Debug|.NET = Debug|.NET
		Debug|Any CPU = Debug|Any CPU
		Debug|Mixed Platforms = Debug|Mixed Platforms
		Release|.NET = Release|.NET
		Release|Any CPU = Release|Any CPU
		Release|Mixed Platforms = Release|Mixed Platforms
	EndGlobalSection
	GlobalSection(ProjectConfigurationPlatforms) = postSolution
		{E178052F-A612-4438-9B24-D7A084B8D153}.Debug|.NET.ActiveCfg = Debug|Any CPU
		{E178052F-A612-4438-9B24-D7A084B8D153}.Debug|Any CPU.ActiveCfg = Debug|Any CPU
		{E178052F-A612-4438-9B24-D7A084B8D153}.Debug|Any CPU.Build.0 = Debug|Any CPU
		{E178052F-A612-4438-9B24-D7A084B8D153}.Debug|Mixed Platforms.ActiveCfg = Debug|Any CPU
		{E178052F-A612-4438-9B24-D7A084B8D153}.Debug|Mixed Platforms.Build.0 = Debug|Any CPU
		{E178052F-A612-4438-9B24-D7A084B8D153}.Release|.NET.ActiveCfg = Release|Any CPU
		{E178052F-A612-4438-9B24-D7A084B8D153}.Release|Any CPU.ActiveCfg = Release|Any CPU
		{E178052F-A612-4438-9B24-D7A084B8D153}.Release|Any CPU.Build.0 = Release|Any CPU
		{E178052F-A612-4438-9B24-D7A084B8D153}.Release|Mixed Platforms.ActiveCfg = Release|Any CPU
		{E178052F-A612-4438-9B24-D7A084B8D153}.Release|Mixed Platforms.Build.0 = Release|Any CPU
		{B092B85E-AC1E-4105-9FAF-3E832A6962ED}.Debug|.NET.ActiveCfg = Debug|Any CPU
		{B092B85E-AC1E-4105-9FAF-3E832A6962ED}.Debug|Any CPU.ActiveCfg = Debug|Any CPU
		{B092B85E-AC1E-4105-9FAF-3E832A6962ED}.Debug|Any CPU.Build.0 = Debug|Any CPU
		{B092B85E-AC1E-4105-9FAF-3E832A6962ED}.Debug|Mixed Platforms.ActiveCfg = Debug|Any CPU
		{B092B85E-AC1E-4105-9FAF-3E832A6962ED}.Debug|Mixed Platforms.Build.0 = Debug|Any CPU
		{B092B85E-AC1E-4105-9FAF-3E832A6962ED}.Release|.NET.ActiveCfg = Release|Any CPU
		{B092B85E-AC1E-4105-9FAF-3E832A6962ED}.Release|Any CPU.ActiveCfg = Release|Any CPU
		{B092B85E-AC1E-4105-9FAF-3E832A6962ED}.Release|Any CPU.Build.0 = Release|Any CPU
		{B092B85E-AC1E-4105-9FAF-3E832A6962ED}.Release|Mixed Platforms.ActiveCfg = Release|Any CPU
		{B092B85E-AC1E-4105-9FAF-3E832A6962ED}.Release|Mixed Platforms.Build.0 = Release|Any CPU
		{4377744C-040B-46F6-B055-45A81AFBBE6B}.Debug|.NET.ActiveCfg = Debug|.NET
		{4377744C-040B-46F6-B055-45A81AFBBE6B}.Debug|.NET.Build.0 = Debug|.NET
		{4377744C-040B-46F6-B055-45A81AFBBE6B}.Debug|Any CPU.ActiveCfg = Debug|.NET
		{4377744C-040B-46F6-B055-45A81AFBBE6B}.Debug|Mixed Platforms.ActiveCfg = Debug|.NET
		{4377744C-040B-46F6-B055-45A81AFBBE6B}.Debug|Mixed Platforms.Build.0 = Debug|.NET
		{4377744C-040B-46F6-B055-45A81AFBBE6B}.Release|.NET.ActiveCfg = Debug|.NET
		{4377744C-040B-46F6-B055-45A81AFBBE6B}.Release|.NET.Build.0 = Debug|.NET
		{4377744C-040B-46F6-B055-45A81AFBBE6B}.Release|Any CPU.ActiveCfg = Debug|.NET
		{4377744C-040B-46F6-B055-45A81AFBBE6B}.Release|Mixed Platforms.ActiveCfg = Debug|.NET
		{4377744C-040B-46F6-B055-45A81AFBBE6B}.Release|Mixed Platforms.Build.0 = Debug|.NET
	EndGlobalSection
	GlobalSection(SolutionProperties) = preSolution
		HideSolutionNode = FALSE
	EndGlobalSection
EndGlobal
