
Microsoft Visual Studio Solution File, Format Version 10.00
# Visual Studio 2008
Project("{FAE04EC0-301F-11D3-BF4B-00C04F79EFBC}") = "WindowsApplication11", "WindowsApplication11.csproj", "{42F16F6D-A6E7-49C1-A952-62E75B1BBE90}"
EndProject
Global
	GlobalSection(SolutionConfigurationPlatforms) = preSolution
		Debug|Any CPU = Debug|Any CPU
		Release|Any CPU = Release|Any CPU
	EndGlobalSection
	GlobalSection(ProjectConfigurationPlatforms) = postSolution
		{42F16F6D-A6E7-49C1-A952-62E75B1BBE90}.Debug|Any CPU.ActiveCfg = Debug|Any CPU
		{42F16F6D-A6E7-49C1-A952-62E75B1BBE90}.Debug|Any CPU.Build.0 = Debug|Any CPU
		{42F16F6D-A6E7-49C1-A952-62E75B1BBE90}.Release|Any CPU.ActiveCfg = Release|Any CPU
		{42F16F6D-A6E7-49C1-A952-62E75B1BBE90}.Release|Any CPU.Build.0 = Release|Any CPU
	EndGlobalSection
	GlobalSection(SolutionProperties) = preSolution
		HideSolutionNode = FALSE
	EndGlobalSection
EndGlobal
