
Microsoft Visual Studio Solution File, Format Version 12.00
# Visual Studio 14
VisualStudioVersion = 14.0.25420.1
MinimumVisualStudioVersion = 10.0.40219.1
Project("{FAE04EC0-301F-11D3-BF4B-00C04F79EFBC}") = "DataSetUpdate", "DataSetUpdate\DataSetUpdate.csproj", "{B48E4AF9-A750-4953-8BD2-95AE32539B22}"
EndProject
Project("{FAE04EC0-301F-11D3-BF4B-00C04F79EFBC}") = "DiffGrams", "DiffGrams\DiffGrams.csproj", "{1B9A4029-FD2D-4D6C-A2B2-8DE5E3A0108B}"
EndProject
Project("{FAE04EC0-301F-11D3-BF4B-00C04F79EFBC}") = "ExecuteStream", "ExecuteStream\ExecuteStream.csproj", "{AECBB844-1AD9-483B-B5EB-ACF6191E38B5}"
EndProject
Project("{FAE04EC0-301F-11D3-BF4B-00C04F79EFBC}") = "ExecuteToStream", "ExecuteToStream\ExecuteToStream.csproj", "{6B70CEE5-85FB-487C-948C-8F8892013CC4}"
EndProject
Project("{FAE04EC0-301F-11D3-BF4B-00C04F79EFBC}") = "ParameterizedQueries", "ParameterizedQueries\ParameterizedQueries.csproj", "{DBC86167-1CA8-4FC0-82FF-D77E23A0A85C}"
EndProject
Project("{FAE04EC0-301F-11D3-BF4B-00C04F79EFBC}") = "SqlXmlAdapter", "SqlXmlAdapter\SqlXmlAdapter.csproj", "{68D67F4F-5CDA-4281-97F5-7DCB55EA9B4F}"
EndProject
Project("{FAE04EC0-301F-11D3-BF4B-00C04F79EFBC}") = "XmlTemplates", "XmlTemplates\XmlTemplates.csproj", "{FFAD0938-9C7E-4E72-97AB-8A037E3035B5}"
EndProject
Project("{FAE04EC0-301F-11D3-BF4B-00C04F79EFBC}") = "XsltTemplates", "XsltTemplates\XsltTemplates.csproj", "{E5599C5E-7303-4BE4-89C8-804DA8046EE1}"
EndProject
Global
	GlobalSection(SolutionConfigurationPlatforms) = preSolution
		Debug|Any CPU = Debug|Any CPU
		Release|Any CPU = Release|Any CPU
	EndGlobalSection
	GlobalSection(ProjectConfigurationPlatforms) = postSolution
		{B48E4AF9-A750-4953-8BD2-95AE32539B22}.Debug|Any CPU.ActiveCfg = Debug|Any CPU
		{B48E4AF9-A750-4953-8BD2-95AE32539B22}.Debug|Any CPU.Build.0 = Debug|Any CPU
		{B48E4AF9-A750-4953-8BD2-95AE32539B22}.Release|Any CPU.ActiveCfg = Release|Any CPU
		{B48E4AF9-A750-4953-8BD2-95AE32539B22}.Release|Any CPU.Build.0 = Release|Any CPU
		{1B9A4029-FD2D-4D6C-A2B2-8DE5E3A0108B}.Debug|Any CPU.ActiveCfg = Debug|Any CPU
		{1B9A4029-FD2D-4D6C-A2B2-8DE5E3A0108B}.Debug|Any CPU.Build.0 = Debug|Any CPU
		{1B9A4029-FD2D-4D6C-A2B2-8DE5E3A0108B}.Release|Any CPU.ActiveCfg = Release|Any CPU
		{1B9A4029-FD2D-4D6C-A2B2-8DE5E3A0108B}.Release|Any CPU.Build.0 = Release|Any CPU
		{AECBB844-1AD9-483B-B5EB-ACF6191E38B5}.Debug|Any CPU.ActiveCfg = Debug|Any CPU
		{AECBB844-1AD9-483B-B5EB-ACF6191E38B5}.Debug|Any CPU.Build.0 = Debug|Any CPU
		{AECBB844-1AD9-483B-B5EB-ACF6191E38B5}.Release|Any CPU.ActiveCfg = Release|Any CPU
		{AECBB844-1AD9-483B-B5EB-ACF6191E38B5}.Release|Any CPU.Build.0 = Release|Any CPU
		{6B70CEE5-85FB-487C-948C-8F8892013CC4}.Debug|Any CPU.ActiveCfg = Debug|Any CPU
		{6B70CEE5-85FB-487C-948C-8F8892013CC4}.Debug|Any CPU.Build.0 = Debug|Any CPU
		{6B70CEE5-85FB-487C-948C-8F8892013CC4}.Release|Any CPU.ActiveCfg = Release|Any CPU
		{6B70CEE5-85FB-487C-948C-8F8892013CC4}.Release|Any CPU.Build.0 = Release|Any CPU
		{DBC86167-1CA8-4FC0-82FF-D77E23A0A85C}.Debug|Any CPU.ActiveCfg = Debug|Any CPU
		{DBC86167-1CA8-4FC0-82FF-D77E23A0A85C}.Debug|Any CPU.Build.0 = Debug|Any CPU
		{DBC86167-1CA8-4FC0-82FF-D77E23A0A85C}.Release|Any CPU.ActiveCfg = Release|Any CPU
		{DBC86167-1CA8-4FC0-82FF-D77E23A0A85C}.Release|Any CPU.Build.0 = Release|Any CPU
		{68D67F4F-5CDA-4281-97F5-7DCB55EA9B4F}.Debug|Any CPU.ActiveCfg = Debug|Any CPU
		{68D67F4F-5CDA-4281-97F5-7DCB55EA9B4F}.Debug|Any CPU.Build.0 = Debug|Any CPU
		{68D67F4F-5CDA-4281-97F5-7DCB55EA9B4F}.Release|Any CPU.ActiveCfg = Release|Any CPU
		{68D67F4F-5CDA-4281-97F5-7DCB55EA9B4F}.Release|Any CPU.Build.0 = Release|Any CPU
		{FFAD0938-9C7E-4E72-97AB-8A037E3035B5}.Debug|Any CPU.ActiveCfg = Debug|Any CPU
		{FFAD0938-9C7E-4E72-97AB-8A037E3035B5}.Debug|Any CPU.Build.0 = Debug|Any CPU
		{FFAD0938-9C7E-4E72-97AB-8A037E3035B5}.Release|Any CPU.ActiveCfg = Release|Any CPU
		{FFAD0938-9C7E-4E72-97AB-8A037E3035B5}.Release|Any CPU.Build.0 = Release|Any CPU
		{E5599C5E-7303-4BE4-89C8-804DA8046EE1}.Debug|Any CPU.ActiveCfg = Debug|Any CPU
		{E5599C5E-7303-4BE4-89C8-804DA8046EE1}.Debug|Any CPU.Build.0 = Debug|Any CPU
		{E5599C5E-7303-4BE4-89C8-804DA8046EE1}.Release|Any CPU.ActiveCfg = Release|Any CPU
		{E5599C5E-7303-4BE4-89C8-804DA8046EE1}.Release|Any CPU.Build.0 = Release|Any CPU
	EndGlobalSection
	GlobalSection(SolutionProperties) = preSolution
		HideSolutionNode = FALSE
	EndGlobalSection
EndGlobal
