
Microsoft Visual Studio Solution File, Format Version 10.00
# Visual Studio 2008
Project("{FAE04EC0-301F-11D3-BF4B-00C04F79EFBC}") = "WindowsApplication36", "WindowsApplication36.csproj", "{4E8FE5D2-F355-4188-82B6-CB6BB2C2FF4B}"
EndProject
Global
	GlobalSection(SolutionConfigurationPlatforms) = preSolution
		Debug|Any CPU = Debug|Any CPU
		Release|Any CPU = Release|Any CPU
	EndGlobalSection
	GlobalSection(ProjectConfigurationPlatforms) = postSolution
		{4E8FE5D2-F355-4188-82B6-CB6BB2C2FF4B}.Debug|Any CPU.ActiveCfg = Debug|Any CPU
		{4E8FE5D2-F355-4188-82B6-CB6BB2C2FF4B}.Debug|Any CPU.Build.0 = Debug|Any CPU
		{4E8FE5D2-F355-4188-82B6-CB6BB2C2FF4B}.Release|Any CPU.ActiveCfg = Release|Any CPU
		{4E8FE5D2-F355-4188-82B6-CB6BB2C2FF4B}.Release|Any CPU.Build.0 = Release|Any CPU
	EndGlobalSection
	GlobalSection(SolutionProperties) = preSolution
		HideSolutionNode = FALSE
	EndGlobalSection
EndGlobal
