
Microsoft Visual Studio Solution File, Format Version 10.00
# Visual Studio 2008
Project("{FAE04EC0-301F-11D3-BF4B-00C04F79EFBC}") = "WindowsApplication16", "WindowsApplication16.csproj", "{C3E9D29C-0031-443F-A9CB-7E1EC270701A}"
EndProject
Global
	GlobalSection(SolutionConfigurationPlatforms) = preSolution
		Debug|Any CPU = Debug|Any CPU
		Release|Any CPU = Release|Any CPU
	EndGlobalSection
	GlobalSection(ProjectConfigurationPlatforms) = postSolution
		{C3E9D29C-0031-443F-A9CB-7E1EC270701A}.Debug|Any CPU.ActiveCfg = Debug|Any CPU
		{C3E9D29C-0031-443F-A9CB-7E1EC270701A}.Debug|Any CPU.Build.0 = Debug|Any CPU
		{C3E9D29C-0031-443F-A9CB-7E1EC270701A}.Release|Any CPU.ActiveCfg = Release|Any CPU
		{C3E9D29C-0031-443F-A9CB-7E1EC270701A}.Release|Any CPU.Build.0 = Release|Any CPU
	EndGlobalSection
	GlobalSection(SolutionProperties) = preSolution
		HideSolutionNode = FALSE
	EndGlobalSection
EndGlobal
