
Microsoft Visual Studio Solution File, Format Version 12.00
# Visual Studio 15
VisualStudioVersion = 15.0.26228.4
MinimumVisualStudioVersion = 10.0.40219.1
Project("{FAE04EC0-301F-11D3-BF4B-00C04F79EFBC}") = "CustomReaderClient", "CustomReaderClient\CustomReaderClient.csproj", "{B092B85E-AC1E-4105-9FAF-3E832A6962ED}"
EndProject
Project("{FAE04EC0-301F-11D3-BF4B-00C04F79EFBC}") = "CustomReaderWriter", "CustomReaderWriter\CustomReaderWriter.csproj", "{E178052F-A612-4438-9B24-D7A084B8D153}"
EndProject
Project("{E24C65DC-7377-472B-9ABA-BC803B73C61A}") = "CustomXmlWriterClient", "CustomXmlWriterClient\", "{001746B0-5DFE-4A44-B623-754ABE75EEEE}"
	ProjectSection(WebsiteProperties) = preProject
		TargetFrameworkMoniker = ".NETFramework,Version%3Dv4.7"
		Debug.AspNetCompiler.VirtualPath = "/localhost_50558"
		Debug.AspNetCompiler.PhysicalPath = "CustomXmlWriterClient\"
		Debug.AspNetCompiler.TargetPath = "PrecompiledWeb\localhost_50558\"
		Debug.AspNetCompiler.Updateable = "true"
		Debug.AspNetCompiler.ForceOverwrite = "true"
		Debug.AspNetCompiler.FixedNames = "false"
		Debug.AspNetCompiler.Debug = "True"
		Release.AspNetCompiler.VirtualPath = "/localhost_50558"
		Release.AspNetCompiler.PhysicalPath = "CustomXmlWriterClient\"
		Release.AspNetCompiler.TargetPath = "PrecompiledWeb\localhost_50558\"
		Release.AspNetCompiler.Updateable = "true"
		Release.AspNetCompiler.ForceOverwrite = "true"
		Release.AspNetCompiler.FixedNames = "false"
		Release.AspNetCompiler.Debug = "False"
		VWDPort = "50558"
		SlnRelativePath = "CustomXmlWriterClient\"
	EndProjectSection
EndProject
Global
	GlobalSection(SolutionConfigurationPlatforms) = preSolution
		Debug|Any CPU = Debug|Any CPU
		Release|Any CPU = Release|Any CPU
	EndGlobalSection
	GlobalSection(ProjectConfigurationPlatforms) = postSolution
		{B092B85E-AC1E-4105-9FAF-3E832A6962ED}.Debug|Any CPU.ActiveCfg = Debug|Any CPU
		{B092B85E-AC1E-4105-9FAF-3E832A6962ED}.Debug|Any CPU.Build.0 = Debug|Any CPU
		{B092B85E-AC1E-4105-9FAF-3E832A6962ED}.Release|Any CPU.ActiveCfg = Release|Any CPU
		{B092B85E-AC1E-4105-9FAF-3E832A6962ED}.Release|Any CPU.Build.0 = Release|Any CPU
		{E178052F-A612-4438-9B24-D7A084B8D153}.Debug|Any CPU.ActiveCfg = Debug|Any CPU
		{E178052F-A612-4438-9B24-D7A084B8D153}.Debug|Any CPU.Build.0 = Debug|Any CPU
		{E178052F-A612-4438-9B24-D7A084B8D153}.Release|Any CPU.ActiveCfg = Release|Any CPU
		{E178052F-A612-4438-9B24-D7A084B8D153}.Release|Any CPU.Build.0 = Release|Any CPU
		{001746B0-5DFE-4A44-B623-754ABE75EEEE}.Debug|Any CPU.ActiveCfg = Debug|Any CPU
		{001746B0-5DFE-4A44-B623-754ABE75EEEE}.Debug|Any CPU.Build.0 = Debug|Any CPU
		{001746B0-5DFE-4A44-B623-754ABE75EEEE}.Release|Any CPU.ActiveCfg = Debug|Any CPU
		{001746B0-5DFE-4A44-B623-754ABE75EEEE}.Release|Any CPU.Build.0 = Debug|Any CPU
	EndGlobalSection
	GlobalSection(SolutionProperties) = preSolution
		HideSolutionNode = FALSE
	EndGlobalSection
EndGlobal
