
Microsoft Visual Studio Solution File, Format Version 12.00
# Visual Studio 15
VisualStudioVersion = 15.0.26228.4
MinimumVisualStudioVersion = 10.0.40219.1
Project("{FAE04EC0-301F-11D3-BF4B-00C04F79EFBC}") = "DataSet", "DataSet\DataSet.csproj", "{4E8FE5D2-F355-4188-82B6-CB6BB2C2FF4B}"
EndProject
Project("{FAE04EC0-301F-11D3-BF4B-00C04F79EFBC}") = "DataSetAsXml", "DataSetAsXml\DataSetAsXml.csproj", "{C44D262F-18CD-4A01-95B7-C1FFF114AD17}"
EndProject
Project("{FAE04EC0-301F-11D3-BF4B-00C04F79EFBC}") = "DataSetSchema", "DataSetSchema\DataSetSchema.csproj", "{F588CE53-37B3-4273-8342-37B4026979DC}"
EndProject
Project("{FAE04EC0-301F-11D3-BF4B-00C04F79EFBC}") = "ExecuteXmlReader", "ExecuteXmlReader\ExecuteXmlReader.csproj", "{DF61CE41-24F7-427B-8D74-C93B65EC6F9A}"
EndProject
Project("{FAE04EC0-301F-11D3-BF4B-00C04F79EFBC}") = "MenuUsingReadXml", "MenuUsingReadXml\MenuUsingReadXml.csproj", "{F785F0A6-E9AC-4724-AF01-8082224E27DF}"
EndProject
Project("{FAE04EC0-301F-11D3-BF4B-00C04F79EFBC}") = "ReadingSchema", "ReadingSchema\ReadingSchema.csproj", "{C37911C8-C00F-4198-8F0A-29E634F9A27E}"
EndProject
Project("{FAE04EC0-301F-11D3-BF4B-00C04F79EFBC}") = "ReadXml", "ReadXml\ReadXml.csproj", "{2C02D6FD-A1E9-4275-BE40-BD9EA3792824}"
EndProject
Project("{FAE04EC0-301F-11D3-BF4B-00C04F79EFBC}") = "TypedDataSet", "TypedDataSet\TypedDataSet.csproj", "{5BF3641B-8E6F-42CE-BD24-14141CF4DEAA}"
EndProject
Global
	GlobalSection(SolutionConfigurationPlatforms) = preSolution
		Debug|Any CPU = Debug|Any CPU
		Release|Any CPU = Release|Any CPU
	EndGlobalSection
	GlobalSection(ProjectConfigurationPlatforms) = postSolution
		{4E8FE5D2-F355-4188-82B6-CB6BB2C2FF4B}.Debug|Any CPU.ActiveCfg = Debug|Any CPU
		{4E8FE5D2-F355-4188-82B6-CB6BB2C2FF4B}.Debug|Any CPU.Build.0 = Debug|Any CPU
		{4E8FE5D2-F355-4188-82B6-CB6BB2C2FF4B}.Release|Any CPU.ActiveCfg = Release|Any CPU
		{4E8FE5D2-F355-4188-82B6-CB6BB2C2FF4B}.Release|Any CPU.Build.0 = Release|Any CPU
		{C44D262F-18CD-4A01-95B7-C1FFF114AD17}.Debug|Any CPU.ActiveCfg = Debug|Any CPU
		{C44D262F-18CD-4A01-95B7-C1FFF114AD17}.Debug|Any CPU.Build.0 = Debug|Any CPU
		{C44D262F-18CD-4A01-95B7-C1FFF114AD17}.Release|Any CPU.ActiveCfg = Release|Any CPU
		{C44D262F-18CD-4A01-95B7-C1FFF114AD17}.Release|Any CPU.Build.0 = Release|Any CPU
		{F588CE53-37B3-4273-8342-37B4026979DC}.Debug|Any CPU.ActiveCfg = Debug|Any CPU
		{F588CE53-37B3-4273-8342-37B4026979DC}.Debug|Any CPU.Build.0 = Debug|Any CPU
		{F588CE53-37B3-4273-8342-37B4026979DC}.Release|Any CPU.ActiveCfg = Release|Any CPU
		{F588CE53-37B3-4273-8342-37B4026979DC}.Release|Any CPU.Build.0 = Release|Any CPU
		{DF61CE41-24F7-427B-8D74-C93B65EC6F9A}.Debug|Any CPU.ActiveCfg = Debug|Any CPU
		{DF61CE41-24F7-427B-8D74-C93B65EC6F9A}.Debug|Any CPU.Build.0 = Debug|Any CPU
		{DF61CE41-24F7-427B-8D74-C93B65EC6F9A}.Release|Any CPU.ActiveCfg = Release|Any CPU
		{DF61CE41-24F7-427B-8D74-C93B65EC6F9A}.Release|Any CPU.Build.0 = Release|Any CPU
		{F785F0A6-E9AC-4724-AF01-8082224E27DF}.Debug|Any CPU.ActiveCfg = Debug|Any CPU
		{F785F0A6-E9AC-4724-AF01-8082224E27DF}.Debug|Any CPU.Build.0 = Debug|Any CPU
		{F785F0A6-E9AC-4724-AF01-8082224E27DF}.Release|Any CPU.ActiveCfg = Release|Any CPU
		{F785F0A6-E9AC-4724-AF01-8082224E27DF}.Release|Any CPU.Build.0 = Release|Any CPU
		{C37911C8-C00F-4198-8F0A-29E634F9A27E}.Debug|Any CPU.ActiveCfg = Debug|Any CPU
		{C37911C8-C00F-4198-8F0A-29E634F9A27E}.Debug|Any CPU.Build.0 = Debug|Any CPU
		{C37911C8-C00F-4198-8F0A-29E634F9A27E}.Release|Any CPU.ActiveCfg = Release|Any CPU
		{C37911C8-C00F-4198-8F0A-29E634F9A27E}.Release|Any CPU.Build.0 = Release|Any CPU
		{2C02D6FD-A1E9-4275-BE40-BD9EA3792824}.Debug|Any CPU.ActiveCfg = Debug|Any CPU
		{2C02D6FD-A1E9-4275-BE40-BD9EA3792824}.Debug|Any CPU.Build.0 = Debug|Any CPU
		{2C02D6FD-A1E9-4275-BE40-BD9EA3792824}.Release|Any CPU.ActiveCfg = Release|Any CPU
		{2C02D6FD-A1E9-4275-BE40-BD9EA3792824}.Release|Any CPU.Build.0 = Release|Any CPU
		{5BF3641B-8E6F-42CE-BD24-14141CF4DEAA}.Debug|Any CPU.ActiveCfg = Debug|Any CPU
		{5BF3641B-8E6F-42CE-BD24-14141CF4DEAA}.Debug|Any CPU.Build.0 = Debug|Any CPU
		{5BF3641B-8E6F-42CE-BD24-14141CF4DEAA}.Release|Any CPU.ActiveCfg = Release|Any CPU
		{5BF3641B-8E6F-42CE-BD24-14141CF4DEAA}.Release|Any CPU.Build.0 = Release|Any CPU
	EndGlobalSection
	GlobalSection(SolutionProperties) = preSolution
		HideSolutionNode = FALSE
	EndGlobalSection
EndGlobal
