
Microsoft Visual Studio Solution File, Format Version 10.00
# Visual Studio 2008
Project("{FAE04EC0-301F-11D3-BF4B-00C04F79EFBC}") = "Parts of XML", "Parts of XML.csproj", "{195A0570-CB52-4C58-BFD4-0A1DB90C4E33}"
EndProject
Global
	GlobalSection(SolutionConfigurationPlatforms) = preSolution
		Debug|Any CPU = Debug|Any CPU
		Release|Any CPU = Release|Any CPU
	EndGlobalSection
	GlobalSection(ProjectConfigurationPlatforms) = postSolution
		{195A0570-CB52-4C58-BFD4-0A1DB90C4E33}.Debug|Any CPU.ActiveCfg = Debug|Any CPU
		{195A0570-CB52-4C58-BFD4-0A1DB90C4E33}.Debug|Any CPU.Build.0 = Debug|Any CPU
		{195A0570-CB52-4C58-BFD4-0A1DB90C4E33}.Release|Any CPU.ActiveCfg = Release|Any CPU
		{195A0570-CB52-4C58-BFD4-0A1DB90C4E33}.Release|Any CPU.Build.0 = Release|Any CPU
	EndGlobalSection
	GlobalSection(SolutionProperties) = preSolution
		HideSolutionNode = FALSE
	EndGlobalSection
EndGlobal
